// !$*UTF8*$!
{
	archiveVersion = 1;
	classes = {
	};
	objectVersion = 46;
	objects = {

/* Begin PBXBuildFile section */
		1A5733DA1C1E5BD000D58FB4 /* csv.swift in Sources */ = {isa = PBXBuildFile; fileRef = 1A5733D91C1E5BD000D58FB4 /* csv.swift */; };
		1A5AB0181C1CED5700CE27B4 /* AppDelegate.swift in Sources */ = {isa = PBXBuildFile; fileRef = 1A5AB0171C1CED5700CE27B4 /* AppDelegate.swift */; };
		1A5AB01A1C1CED5700CE27B4 /* ViewController.swift in Sources */ = {isa = PBXBuildFile; fileRef = 1A5AB0191C1CED5700CE27B4 /* ViewController.swift */; };
		1A5AB01D1C1CED5700CE27B4 /* Main.storyboard in Resources */ = {isa = PBXBuildFile; fileRef = 1A5AB01B1C1CED5700CE27B4 /* Main.storyboard */; };
		1A5AB01F1C1CED5700CE27B4 /* Assets.xcassets in Resources */ = {isa = PBXBuildFile; fileRef = 1A5AB01E1C1CED5700CE27B4 /* Assets.xcassets */; };
		1A5AB0221C1CED5700CE27B4 /* LaunchScreen.storyboard in Resources */ = {isa = PBXBuildFile; fileRef = 1A5AB0201C1CED5700CE27B4 /* LaunchScreen.storyboard */; };
		1A5AB02A1C1CEF9C00CE27B4 /* pokemon.csv in Resources */ = {isa = PBXBuildFile; fileRef = 1A5AB0291C1CEF9C00CE27B4 /* pokemon.csv */; };
		1A5AB02D1C1CF28E00CE27B4 /* Pokemon.swift in Sources */ = {isa = PBXBuildFile; fileRef = 1A5AB02C1C1CF28E00CE27B4 /* Pokemon.swift */; };
		1A5AB0301C1CFAD400CE27B4 /* PokeCell.swift in Sources */ = {isa = PBXBuildFile; fileRef = 1A5AB02F1C1CFAD400CE27B4 /* PokeCell.swift */; };
		1A7A8C671C1E8E01006DBC0D /* pokemon.ttf in Resources */ = {isa = PBXBuildFile; fileRef = 1A7A8C661C1E8E01006DBC0D /* pokemon.ttf */; };
		1A7A8C691C1E92A1006DBC0D /* music.mp3 in Resources */ = {isa = PBXBuildFile; fileRef = 1A7A8C681C1E92A1006DBC0D /* music.mp3 */; };
		1A944A421C1F7CFD00E44CC2 /* Constants.swift in Sources */ = {isa = PBXBuildFile; fileRef = 1A944A411C1F7CFD00E44CC2 /* Constants.swift */; };
		1AA5FC141C1F593B008551E6 /* PokemonDetailVC.swift in Sources */ = {isa = PBXBuildFile; fileRef = 1AA5FC131C1F593A008551E6 /* PokemonDetailVC.swift */; };
		5C29135D11683BE0206B49DD /* Pods_PokeDex.framework in Frameworks */ = {isa = PBXBuildFile; fileRef = 6A6A403F758D200A33ACC27C /* Pods_PokeDex.framework */; };
/* End PBXBuildFile section */

/* Begin PBXFileReference section */
		1A5733D91C1E5BD000D58FB4 /* csv.swift */ = {isa = PBXFileReference; fileEncoding = 4; lastKnownFileType = sourcecode.swift; path = csv.swift; sourceTree = "<group>"; };
		1A5AB0141C1CED5700CE27B4 /* PokeDex.app */ = {isa = PBXFileReference; explicitFileType = wrapper.application; includeInIndex = 0; path = PokeDex.app; sourceTree = BUILT_PRODUCTS_DIR; };
		1A5AB0171C1CED5700CE27B4 /* AppDelegate.swift */ = {isa = PBXFileReference; lastKnownFileType = sourcecode.swift; path = AppDelegate.swift; sourceTree = "<group>"; };
		1A5AB0191C1CED5700CE27B4 /* ViewController.swift */ = {isa = PBXFileReference; lastKnownFileType = sourcecode.swift; path = ViewController.swift; sourceTree = "<group>"; };
		1A5AB01C1C1CED5700CE27B4 /* Base */ = {isa = PBXFileReference; lastKnownFileType = file.storyboard; name = Base; path = Base.lproj/Main.storyboard; sourceTree = "<group>"; };
		1A5AB01E1C1CED5700CE27B4 /* Assets.xcassets */ = {isa = PBXFileReference; lastKnownFileType = folder.assetcatalog; path = Assets.xcassets; sourceTree = "<group>"; };
		1A5AB0211C1CED5700CE27B4 /* Base */ = {isa = PBXFileReference; lastKnownFileType = file.storyboard; name = Base; path = Base.lproj/LaunchScreen.storyboard; sourceTree = "<group>"; };
		1A5AB0231C1CED5700CE27B4 /* Info.plist */ = {isa = PBXFileReference; lastKnownFileType = text.plist.xml; path = Info.plist; sourceTree = "<group>"; };
		1A5AB0291C1CEF9C00CE27B4 /* pokemon.csv */ = {isa = PBXFileReference; fileEncoding = 4; lastKnownFileType = text; path = pokemon.csv; sourceTree = "<group>"; };
		1A5AB02C1C1CF28E00CE27B4 /* Pokemon.swift */ = {isa = PBXFileReference; fileEncoding = 4; lastKnownFileType = sourcecode.swift; path = Pokemon.swift; sourceTree = "<group>"; };
		1A5AB02F1C1CFAD400CE27B4 /* PokeCell.swift */ = {isa = PBXFileReference; fileEncoding = 4; lastKnownFileType = sourcecode.swift; path = PokeCell.swift; sourceTree = "<group>"; };
		1A7A8C661C1E8E01006DBC0D /* pokemon.ttf */ = {isa = PBXFileReference; lastKnownFileType = file; path = pokemon.ttf; sourceTree = "<group>"; };
		1A7A8C681C1E92A1006DBC0D /* music.mp3 */ = {isa = PBXFileReference; lastKnownFileType = audio.mp3; path = music.mp3; sourceTree = "<group>"; };
		1A944A411C1F7CFD00E44CC2 /* Constants.swift */ = {isa = PBXFileReference; fileEncoding = 4; lastKnownFileType = sourcecode.swift; path = Constants.swift; sourceTree = "<group>"; };
		1AA5FC131C1F593A008551E6 /* PokemonDetailVC.swift */ = {isa = PBXFileReference; fileEncoding = 4; lastKnownFileType = sourcecode.swift; path = PokemonDetailVC.swift; sourceTree = "<group>"; };
		6A6A403F758D200A33ACC27C /* Pods_PokeDex.framework */ = {isa = PBXFileReference; explicitFileType = wrapper.framework; includeInIndex = 0; path = Pods_PokeDex.framework; sourceTree = BUILT_PRODUCTS_DIR; };
		C01A9DC916DF7F4A91231C03 /* Pods-PokeDex.debug.xcconfig */ = {isa = PBXFileReference; includeInIndex = 1; lastKnownFileType = text.xcconfig; name = "Pods-PokeDex.debug.xcconfig"; path = "Pods/Target Support Files/Pods-PokeDex/Pods-PokeDex.debug.xcconfig"; sourceTree = "<group>"; };
		F327A3136580B8A31FC8DB26 /* Pods-PokeDex.release.xcconfig */ = {isa = PBXFileReference; includeInIndex = 1; lastKnownFileType = text.xcconfig; name = "Pods-PokeDex.release.xcconfig"; path = "Pods/Target Support Files/Pods-PokeDex/Pods-PokeDex.release.xcconfig"; sourceTree = "<group>"; };
/* End PBXFileReference section */

/* Begin PBXFrameworksBuildPhase section */
		1A5AB0111C1CED5700CE27B4 /* Frameworks */ = {
			isa = PBXFrameworksBuildPhase;
			buildActionMask = 2147483647;
			files = (
				5C29135D11683BE0206B49DD /* Pods_PokeDex.framework in Frameworks */,
			);
			runOnlyForDeploymentPostprocessing = 0;
		};
/* End PBXFrameworksBuildPhase section */

/* Begin PBXGroup section */
		1A5733DB1C1E5BDA00D58FB4 /* Util */ = {
			isa = PBXGroup;
			children = (
				1A5733D91C1E5BD000D58FB4 /* csv.swift */,
				1A944A411C1F7CFD00E44CC2 /* Constants.swift */,
			);
			name = Util;
			sourceTree = "<group>";
		};
		1A5733DC1C1E5C3A00D58FB4 /* Controller */ = {
			isa = PBXGroup;
			children = (
				1A5AB01B1C1CED5700CE27B4 /* Main.storyboard */,
				1A5AB0191C1CED5700CE27B4 /* ViewController.swift */,
				1AA5FC131C1F593A008551E6 /* PokemonDetailVC.swift */,
			);
			name = Controller;
			sourceTree = "<group>";
		};
		1A5733DD1C1E5C9100D58FB4 /* Resources */ = {
			isa = PBXGroup;
			children = (
				1A7A8C681C1E92A1006DBC0D /* music.mp3 */,
				1A7A8C661C1E8E01006DBC0D /* pokemon.ttf */,
				1A5AB0291C1CEF9C00CE27B4 /* pokemon.csv */,
			);
			name = Resources;
			sourceTree = "<group>";
		};
		1A5AB00B1C1CED5700CE27B4 = {
			isa = PBXGroup;
			children = (
				1A5AB0161C1CED5700CE27B4 /* PokeDex */,
				1A5AB0151C1CED5700CE27B4 /* Products */,
				3AF2D64045032526CE9AB693 /* Pods */,
				6B5125745B9E196343B2C1F5 /* Frameworks */,
			);
			sourceTree = "<group>";
		};
		1A5AB0151C1CED5700CE27B4 /* Products */ = {
			isa = PBXGroup;
			children = (
				1A5AB0141C1CED5700CE27B4 /* PokeDex.app */,
			);
			name = Products;
			sourceTree = "<group>";
		};
		1A5AB0161C1CED5700CE27B4 /* PokeDex */ = {
			isa = PBXGroup;
			children = (
				1A5AB02B1C1CF27700CE27B4 /* Model */,
				1A5AB02E1C1CFAA600CE27B4 /* View */,
				1A5733DC1C1E5C3A00D58FB4 /* Controller */,
				1A5733DB1C1E5BDA00D58FB4 /* Util */,
				1A5733DD1C1E5C9100D58FB4 /* Resources */,
				1A5AB0171C1CED5700CE27B4 /* AppDelegate.swift */,
				1A5AB01E1C1CED5700CE27B4 /* Assets.xcassets */,
				1A5AB0201C1CED5700CE27B4 /* LaunchScreen.storyboard */,
				1A5AB0231C1CED5700CE27B4 /* Info.plist */,
			);
			path = PokeDex;
			sourceTree = "<group>";
		};
		1A5AB02B1C1CF27700CE27B4 /* Model */ = {
			isa = PBXGroup;
			children = (
				1A5AB02C1C1CF28E00CE27B4 /* Pokemon.swift */,
			);
			name = Model;
			sourceTree = "<group>";
		};
		1A5AB02E1C1CFAA600CE27B4 /* View */ = {
			isa = PBXGroup;
			children = (
				1A5AB02F1C1CFAD400CE27B4 /* PokeCell.swift */,
			);
			name = View;
			sourceTree = "<group>";
		};
		3AF2D64045032526CE9AB693 /* Pods */ = {
			isa = PBXGroup;
			children = (
				C01A9DC916DF7F4A91231C03 /* Pods-PokeDex.debug.xcconfig */,
				F327A3136580B8A31FC8DB26 /* Pods-PokeDex.release.xcconfig */,
			);
			name = Pods;
			sourceTree = "<group>";
		};
		6B5125745B9E196343B2C1F5 /* Frameworks */ = {
			isa = PBXGroup;
			children = (
				6A6A403F758D200A33ACC27C /* Pods_PokeDex.framework */,
			);
			name = Frameworks;
			sourceTree = "<group>";
		};
/* End PBXGroup section */

/* Begin PBXNativeTarget section */
		1A5AB0131C1CED5700CE27B4 /* PokeDex */ = {
			isa = PBXNativeTarget;
			buildConfigurationList = 1A5AB0261C1CED5700CE27B4 /* Build configuration list for PBXNativeTarget "PokeDex" */;
			buildPhases = (
				E6E538564C8A3FA1BB05F723 /* Check Pods Manifest.lock */,
				1A5AB0101C1CED5700CE27B4 /* Sources */,
				1A5AB0111C1CED5700CE27B4 /* Frameworks */,
				1A5AB0121C1CED5700CE27B4 /* Resources */,
				15BAADFD629D11F50D1460BB /* Embed Pods Frameworks */,
				01BEF2EAD9C1D65797744E4C /* Copy Pods Resources */,
			);
			buildRules = (
			);
			dependencies = (
			);
			name = PokeDex;
			productName = PokeDex;
			productReference = 1A5AB0141C1CED5700CE27B4 /* PokeDex.app */;
			productType = "com.apple.product-type.application";
		};
/* End PBXNativeTarget section */

/* Begin PBXProject section */
		1A5AB00C1C1CED5700CE27B4 /* Project object */ = {
			isa = PBXProject;
			attributes = {
				LastSwiftUpdateCheck = 0720;
				LastUpgradeCheck = 0720;
				ORGANIZATIONNAME = EverydayDigitals;
				TargetAttributes = {
					1A5AB0131C1CED5700CE27B4 = {
						CreatedOnToolsVersion = 7.2;
						DevelopmentTeam = GE9M63XBY4;
					};
				};
			};
			buildConfigurationList = 1A5AB00F1C1CED5700CE27B4 /* Build configuration list for PBXProject "PokeDex" */;
			compatibilityVersion = "Xcode 3.2";
			developmentRegion = English;
			hasScannedForEncodings = 0;
			knownRegions = (
				en,
				Base,
			);
			mainGroup = 1A5AB00B1C1CED5700CE27B4;
			productRefGroup = 1A5AB0151C1CED5700CE27B4 /* Products */;
			projectDirPath = "";
			projectRoot = "";
			targets = (
				1A5AB0131C1CED5700CE27B4 /* PokeDex */,
			);
		};
/* End PBXProject section */

/* Begin PBXResourcesBuildPhase section */
		1A5AB0121C1CED5700CE27B4 /* Resources */ = {
			isa = PBXResourcesBuildPhase;
			buildActionMask = 2147483647;
			files = (
				1A7A8C671C1E8E01006DBC0D /* pokemon.ttf in Resources */,
				1A5AB0221C1CED5700CE27B4 /* LaunchScreen.storyboard in Resources */,
				1A7A8C691C1E92A1006DBC0D /* music.mp3 in Resources */,
				1A5AB01F1C1CED5700CE27B4 /* Assets.xcassets in Resources */,
				1A5AB02A1C1CEF9C00CE27B4 /* pokemon.csv in Resources */,
				1A5AB01D1C1CED5700CE27B4 /* Main.storyboard in Resources */,
			);
			runOnlyForDeploymentPostprocessing = 0;
		};
/* End PBXResourcesBuildPhase section */

/* Begin PBXShellScriptBuildPhase section */
		01BEF2EAD9C1D65797744E4C /* Copy Pods Resources */ = {
			isa = PBXShellScriptBuildPhase;
			buildActionMask = 2147483647;
			files = (
			);
			inputPaths = (
			);
			name = "Copy Pods Resources";
			outputPaths = (
			);
			runOnlyForDeploymentPostprocessing = 0;
			shellPath = /bin/sh;
			shellScript = "\"${SRCROOT}/Pods/Target Support Files/Pods-PokeDex/Pods-PokeDex-resources.sh\"\n";
			showEnvVarsInLog = 0;
		};
		15BAADFD629D11F50D1460BB /* Embed Pods Frameworks */ = {
			isa = PBXShellScriptBuildPhase;
			buildActionMask = 2147483647;
			files = (
			);
			inputPaths = (
			);
			name = "Embed Pods Frameworks";
			outputPaths = (
			);
			runOnlyForDeploymentPostprocessing = 0;
			shellPath = /bin/sh;
			shellScript = "\"${SRCROOT}/Pods/Target Support Files/Pods-PokeDex/Pods-PokeDex-frameworks.sh\"\n";
			showEnvVarsInLog = 0;
		};
		E6E538564C8A3FA1BB05F723 /* Check Pods Manifest.lock */ = {
			isa = PBXShellScriptBuildPhase;
			buildActionMask = 2147483647;
			files = (
			);
			inputPaths = (
			);
			name = "Check Pods Manifest.lock";
			outputPaths = (
			);
			runOnlyForDeploymentPostprocessing = 0;
			shellPath = /bin/sh;
			shellScript = "diff \"${PODS_ROOT}/../Podfile.lock\" \"${PODS_ROOT}/Manifest.lock\" > /dev/null\nif [[ $? != 0 ]] ; then\n    cat << EOM\nerror: The sandbox is not in sync with the Podfile.lock. Run 'pod install' or update your CocoaPods installation.\nEOM\n    exit 1\nfi\n";
			showEnvVarsInLog = 0;
		};
/* End PBXShellScriptBuildPhase section */

/* Begin PBXSourcesBuildPhase section */
		1A5AB0101C1CED5700CE27B4 /* Sources */ = {
			isa = PBXSourcesBuildPhase;
			buildActionMask = 2147483647;
			files = (
				1A5AB0301C1CFAD400CE27B4 /* PokeCell.swift in Sources */,
				1A5AB01A1C1CED5700CE27B4 /* ViewController.swift in Sources */,
				1A5AB0181C1CED5700CE27B4 /* AppDelegate.swift in Sources */,
				1AA5FC141C1F593B008551E6 /* PokemonDetailVC.swift in Sources */,
				1A944A421C1F7CFD00E44CC2 /* Constants.swift in Sources */,
				1A5AB02D1C1CF28E00CE27B4 /* Pokemon.swift in Sources */,
				1A5733DA1C1E5BD000D58FB4 /* csv.swift in Sources */,
			);
			runOnlyForDeploymentPostprocessing = 0;
		};
/* End PBXSourcesBuildPhase section */

/* Begin PBXVariantGroup section */
		1A5AB01B1C1CED5700CE27B4 /* Main.storyboard */ = {
			isa = PBXVariantGroup;
			children = (
				1A5AB01C1C1CED5700CE27B4 /* Base */,
			);
			name = Main.storyboard;
			sourceTree = "<group>";
		};
		1A5AB0201C1CED5700CE27B4 /* LaunchScreen.storyboard */ = {
			isa = PBXVariantGroup;
			children = (
				1A5AB0211C1CED5700CE27B4 /* Base */,
			);
			name = LaunchScreen.storyboard;
			sourceTree = "<group>";
		};
/* End PBXVariantGroup section */

/* Begin XCBuildConfiguration section */
		1A5AB0241C1CED5700CE27B4 /* Debug */ = {
			isa = XCBuildConfiguration;
			buildSettings = {
				ALWAYS_SEARCH_USER_PATHS = NO;
				CLANG_CXX_LANGUAGE_STANDARD = "gnu++0x";
				CLANG_CXX_LIBRARY = "libc++";
				CLANG_ENABLE_MODULES = YES;
				CLANG_ENABLE_OBJC_ARC = YES;
				CLANG_WARN_BOOL_CONVERSION = YES;
				CLANG_WARN_CONSTANT_CONVERSION = YES;
				CLANG_WARN_DIRECT_OBJC_ISA_USAGE = YES_ERROR;
				CLANG_WARN_EMPTY_BODY = YES;
				CLANG_WARN_ENUM_CONVERSION = YES;
				CLANG_WARN_INT_CONVERSION = YES;
				CLANG_WARN_OBJC_ROOT_CLASS = YES_ERROR;
				CLANG_WARN_UNREACHABLE_CODE = YES;
				CLANG_WARN__DUPLICATE_METHOD_MATCH = YES;
				"CODE_SIGN_IDENTITY[sdk=iphoneos*]" = "iPhone Developer";
				COPY_PHASE_STRIP = NO;
				DEBUG_INFORMATION_FORMAT = dwarf;
				ENABLE_STRICT_OBJC_MSGSEND = YES;
				ENABLE_TESTABILITY = YES;
				GCC_C_LANGUAGE_STANDARD = gnu99;
				GCC_DYNAMIC_NO_PIC = NO;
				GCC_NO_COMMON_BLOCKS = YES;
				GCC_OPTIMIZATION_LEVEL = 0;
				GCC_PREPROCESSOR_DEFINITIONS = (
					"DEBUG=1",
					"$(inherited)",
				);
				GCC_WARN_64_TO_32_BIT_CONVERSION = YES;
				GCC_WARN_ABOUT_RETURN_TYPE = YES_ERROR;
				GCC_WARN_UNDECLARED_SELECTOR = YES;
				GCC_WARN_UNINITIALIZED_AUTOS = YES_AGGRESSIVE;
				GCC_WARN_UNUSED_FUNCTION = YES;
				GCC_WARN_UNUSED_VARIABLE = YES;
				IPHONEOS_DEPLOYMENT_TARGET = 9.2;
				MTL_ENABLE_DEBUG_INFO = YES;
				ONLY_ACTIVE_ARCH = YES;
				SDKROOT = iphoneos;
				SWIFT_OPTIMIZATION_LEVEL = "-Onone";
				TARGETED_DEVICE_FAMILY = "1,2";
			};
			name = Debug;
		};
		1A5AB0251C1CED5700CE27B4 /* Release */ = {
			isa = XCBuildConfiguration;
			buildSettings = {
				ALWAYS_SEARCH_USER_PATHS = NO;
				CLANG_CXX_LANGUAGE_STANDARD = "gnu++0x";
				CLANG_CXX_LIBRARY = "libc++";
				CLANG_ENABLE_MODULES = YES;
				CLANG_ENABLE_OBJC_ARC = YES;
				CLANG_WARN_BOOL_CONVERSION = YES;
				CLANG_WARN_CONSTANT_CONVERSION = YES;
				CLANG_WARN_DIRECT_OBJC_ISA_USAGE = YES_ERROR;
				CLANG_WARN_EMPTY_BODY = YES;
				CLANG_WARN_ENUM_CONVERSION = YES;
				CLANG_WARN_INT_CONVERSION = YES;
				CLANG_WARN_OBJC_ROOT_CLASS = YES_ERROR;
				CLANG_WARN_UNREACHABLE_CODE = YES;
				CLANG_WARN__DUPLICATE_METHOD_MATCH = YES;
				"CODE_SIGN_IDENTITY[sdk=iphoneos*]" = "iPhone Developer";
				COPY_PHASE_STRIP = NO;
				DEBUG_INFORMATION_FORMAT = "dwarf-with-dsym";
				ENABLE_NS_ASSERTIONS = NO;
				ENABLE_STRICT_OBJC_MSGSEND = YES;
				GCC_C_LANGUAGE_STANDARD = gnu99;
				GCC_NO_COMMON_BLOCKS = YES;
				GCC_WARN_64_TO_32_BIT_CONVERSION = YES;
				GCC_WARN_ABOUT_RETURN_TYPE = YES_ERROR;
				GCC_WARN_UNDECLARED_SELECTOR = YES;
				GCC_WARN_UNINITIALIZED_AUTOS = YES_AGGRESSIVE;
				GCC_WARN_UNUSED_FUNCTION = YES;
				GCC_WARN_UNUSED_VARIABLE = YES;
				IPHONEOS_DEPLOYMENT_TARGET = 9.2;
				MTL_ENABLE_DEBUG_INFO = NO;
				SDKROOT = iphoneos;
				TARGETED_DEVICE_FAMILY = "1,2";
				VALIDATE_PRODUCT = YES;
			};
			name = Release;
		};
		1A5AB0271C1CED5700CE27B4 /* Debug */ = {
			isa = XCBuildConfiguration;
			baseConfigurationReference = C01A9DC916DF7F4A91231C03 /* Pods-PokeDex.debug.xcconfig */;
			buildSettings = {
				ASSETCATALOG_COMPILER_APPICON_NAME = AppIcon;
				INFOPLIST_FILE = PokeDex/Info.plist;
				LD_RUNPATH_SEARCH_PATHS = "$(inherited) @executable_path/Frameworks";
				PRODUCT_BUNDLE_IDENTIFIER = com.everydaydigitals.PokeDex;
				PRODUCT_NAME = "$(TARGET_NAME)";
			};
			name = Debug;
		};
		1A5AB0281C1CED5700CE27B4 /* Release */ = {
			isa = XCBuildConfiguration;
			baseConfigurationReference = F327A3136580B8A31FC8DB26 /* Pods-PokeDex.release.xcconfig */;
			buildSettings = {
				ASSETCATALOG_COMPILER_APPICON_NAME = AppIcon;
				INFOPLIST_FILE = PokeDex/Info.plist;
				LD_RUNPATH_SEARCH_PATHS = "$(inherited) @executable_path/Frameworks";
				PRODUCT_BUNDLE_IDENTIFIER = com.everydaydigitals.PokeDex;
				PRODUCT_NAME = "$(TARGET_NAME)";
			};
			name = Release;
		};
/* End XCBuildConfiguration section */

/* Begin XCConfigurationList section */
		1A5AB00F1C1CED5700CE27B4 /* Build configuration list for PBXProject "PokeDex" */ = {
			isa = XCConfigurationList;
			buildConfigurations = (
				1A5AB0241C1CED5700CE27B4 /* Debug */,
				1A5AB0251C1CED5700CE27B4 /* Release */,
			);
			defaultConfigurationIsVisible = 0;
			defaultConfigurationName = Release;
		};
		1A5AB0261C1CED5700CE27B4 /* Build configuration list for PBXNativeTarget "PokeDex" */ = {
			isa = XCConfigurationList;
			buildConfigurations = (
				1A5AB0271C1CED5700CE27B4 /* Debug */,
				1A5AB0281C1CED5700CE27B4 /* Release */,
			);
			defaultConfigurationIsVisible = 0;
			defaultConfigurationName = Release;
		};
/* End XCConfigurationList section */
	};
	rootObject = 1A5AB00C1C1CED5700CE27B4 /* Project object */;
}
